
Microsoft Visual Studio Solution File, Format Version 12.00
# Visual Studio Version 17
VisualStudioVersion = 17.14.36414.22 d17.14
MinimumVisualStudioVersion = 10.0.40219.1
Project("{FAE04EC0-301F-11D3-BF4B-00C04F79EFBC}") = "dd-opcua-svc", "dd-opcua-svc.csproj", "{64521B79-0FB4-430E-B60D-8568D0239919}"
EndProject
Global
	GlobalSection(SolutionConfigurationPlatforms) = preSolution
		Debug|Any CPU = Debug|Any CPU
		Release|Any CPU = Release|Any CPU
	EndGlobalSection
	GlobalSection(ProjectConfigurationPlatforms) = postSolution
		{64521B79-0FB4-430E-B60D-8568D0239919}.Debug|Any CPU.ActiveCfg = Debug|Any CPU
		{64521B79-0FB4-430E-B60D-8568D0239919}.Debug|Any CPU.Build.0 = Debug|Any CPU
		{64521B79-0FB4-430E-B60D-8568D0239919}.Release|Any CPU.ActiveCfg = Release|Any CPU
		{64521B79-0FB4-430E-B60D-8568D0239919}.Release|Any CPU.Build.0 = Release|Any CPU
	EndGlobalSection
	GlobalSection(SolutionProperties) = preSolution
		HideSolutionNode = FALSE
	EndGlobalSection
	GlobalSection(ExtensibilityGlobals) = postSolution
		SolutionGuid = {8B97D86B-4232-4A5A-A9AD-D58A06C5B931}
	EndGlobalSection
EndGlobal
